
Microsoft Visual Studio Solution File, Format Version 12.00
# Visual Studio 15
VisualStudioVersion = 15.0.26730.3
MinimumVisualStudioVersion = 10.0.40219.1
Project("{888888A0-9F3D-457C-B088-3A5042F75D52}") = "JenkinsJobs", "JenkinsJobs\JenkinsJobs.pyproj", "{4894B921-F27D-436C-8050-296D894A6547}"
EndProject
Global
	GlobalSection(SolutionConfigurationPlatforms) = preSolution
		Debug|Any CPU = Debug|Any CPU
		Release|Any CPU = Release|Any CPU
	EndGlobalSection
	GlobalSection(ProjectConfigurationPlatforms) = postSolution
		{4894B921-F27D-436C-8050-296D894A6547}.Debug|Any CPU.ActiveCfg = Debug|Any CPU
		{4894B921-F27D-436C-8050-296D894A6547}.Release|Any CPU.ActiveCfg = Release|Any CPU
	EndGlobalSection
	GlobalSection(SolutionProperties) = preSolution
		HideSolutionNode = FALSE
	EndGlobalSection
	GlobalSection(ExtensibilityGlobals) = postSolution
		SolutionGuid = {CA1E1608-9971-4F2D-8A77-302F2757A8A7}
	EndGlobalSection
EndGlobal
